
Microsoft Visual Studio Solution File, Format Version 12.00
# Visual Studio 15
Project("{FAE04EC0-301F-11D3-BF4B-00C04F79EFBC}") = "BestHTTP", "BestHTTP.csproj", "{D294E68E-133A-9538-5797-7FE5D5A1B8EA}"
EndProject
Project("{FAE04EC0-301F-11D3-BF4B-00C04F79EFBC}") = "XCharts.Runtime", "XCharts.Runtime.csproj", "{40B80C28-466B-07F4-C307-ABC70325672D}"
EndProject
Project("{FAE04EC0-301F-11D3-BF4B-00C04F79EFBC}") = "Assembly-CSharp", "Assembly-CSharp.csproj", "{4119F113-E4D9-0559-EE45-DB3E600DA13C}"
EndProject
Project("{FAE04EC0-301F-11D3-BF4B-00C04F79EFBC}") = "XCharts.Editor", "XCharts.Editor.csproj", "{B63C214D-3C1B-04B8-0D01-B84224640947}"
EndProject
Project("{FAE04EC0-301F-11D3-BF4B-00C04F79EFBC}") = "XCharts.Examples", "XCharts.Examples.csproj", "{8E36F73F-7E2E-702F-86E7-D2679BE6983B}"
EndProject
Global
	GlobalSection(SolutionConfigurationPlatforms) = preSolution
		Debug|Any CPU = Debug|Any CPU
		Release|Any CPU = Release|Any CPU
	EndGlobalSection
	GlobalSection(ProjectConfigurationPlatforms) = postSolution
		{D294E68E-133A-9538-5797-7FE5D5A1B8EA}.Debug|Any CPU.ActiveCfg = Debug|Any CPU
		{D294E68E-133A-9538-5797-7FE5D5A1B8EA}.Debug|Any CPU.Build.0 = Debug|Any CPU
		{D294E68E-133A-9538-5797-7FE5D5A1B8EA}.Release|Any CPU.ActiveCfg = Release|Any CPU
		{D294E68E-133A-9538-5797-7FE5D5A1B8EA}.Release|Any CPU.Build.0 = Release|Any CPU
		{40B80C28-466B-07F4-C307-ABC70325672D}.Debug|Any CPU.ActiveCfg = Debug|Any CPU
		{40B80C28-466B-07F4-C307-ABC70325672D}.Debug|Any CPU.Build.0 = Debug|Any CPU
		{40B80C28-466B-07F4-C307-ABC70325672D}.Release|Any CPU.ActiveCfg = Release|Any CPU
		{40B80C28-466B-07F4-C307-ABC70325672D}.Release|Any CPU.Build.0 = Release|Any CPU
		{4119F113-E4D9-0559-EE45-DB3E600DA13C}.Debug|Any CPU.ActiveCfg = Debug|Any CPU
		{4119F113-E4D9-0559-EE45-DB3E600DA13C}.Debug|Any CPU.Build.0 = Debug|Any CPU
		{4119F113-E4D9-0559-EE45-DB3E600DA13C}.Release|Any CPU.ActiveCfg = Release|Any CPU
		{4119F113-E4D9-0559-EE45-DB3E600DA13C}.Release|Any CPU.Build.0 = Release|Any CPU
		{B63C214D-3C1B-04B8-0D01-B84224640947}.Debug|Any CPU.ActiveCfg = Debug|Any CPU
		{B63C214D-3C1B-04B8-0D01-B84224640947}.Debug|Any CPU.Build.0 = Debug|Any CPU
		{B63C214D-3C1B-04B8-0D01-B84224640947}.Release|Any CPU.ActiveCfg = Release|Any CPU
		{B63C214D-3C1B-04B8-0D01-B84224640947}.Release|Any CPU.Build.0 = Release|Any CPU
		{8E36F73F-7E2E-702F-86E7-D2679BE6983B}.Debug|Any CPU.ActiveCfg = Debug|Any CPU
		{8E36F73F-7E2E-702F-86E7-D2679BE6983B}.Debug|Any CPU.Build.0 = Debug|Any CPU
		{8E36F73F-7E2E-702F-86E7-D2679BE6983B}.Release|Any CPU.ActiveCfg = Release|Any CPU
		{8E36F73F-7E2E-702F-86E7-D2679BE6983B}.Release|Any CPU.Build.0 = Release|Any CPU
	EndGlobalSection
	GlobalSection(SolutionProperties) = preSolution
		HideSolutionNode = FALSE
	EndGlobalSection
EndGlobal
