
Microsoft Visual Studio Solution File, Format Version 11.00
# Visual Studio 2010
Project("{FAE04EC0-301F-11D3-BF4B-00C04F79EFBC}") = "BestHTTP", "BestHTTP.csproj", "{8ee694d2-3a13-3895-5797-7fe5d5a1b8ea}"
EndProject
Project("{FAE04EC0-301F-11D3-BF4B-00C04F79EFBC}") = "Assembly-CSharp", "Assembly-CSharp.csproj", "{13f11941-d9e4-5905-ee45-db3e600da13c}"
EndProject
Project("{FAE04EC0-301F-11D3-BF4B-00C04F79EFBC}") = "Assembly-CSharp-firstpass", "Assembly-CSharp-firstpass.csproj", "{a6e638b8-ca67-51c7-e8a6-8ea30555063c}"
EndProject
Global
	GlobalSection(SolutionConfigurationPlatforms) = preSolution
		Debug|Any CPU = Debug|Any CPU
	EndGlobalSection
	GlobalSection(ProjectConfigurationPlatforms) = postSolution
		{8ee694d2-3a13-3895-5797-7fe5d5a1b8ea}.Debug|Any CPU.ActiveCfg = Debug|Any CPU
		{8ee694d2-3a13-3895-5797-7fe5d5a1b8ea}.Debug|Any CPU.Build.0 = Debug|Any CPU
		{13f11941-d9e4-5905-ee45-db3e600da13c}.Debug|Any CPU.ActiveCfg = Debug|Any CPU
		{13f11941-d9e4-5905-ee45-db3e600da13c}.Debug|Any CPU.Build.0 = Debug|Any CPU
		{a6e638b8-ca67-51c7-e8a6-8ea30555063c}.Debug|Any CPU.ActiveCfg = Debug|Any CPU
		{a6e638b8-ca67-51c7-e8a6-8ea30555063c}.Debug|Any CPU.Build.0 = Debug|Any CPU
	EndGlobalSection
	GlobalSection(SolutionProperties) = preSolution
		HideSolutionNode = FALSE
	EndGlobalSection
EndGlobal
